// !$*UTF8*$!
{
	archiveVersion = 1;
	classes = {
	};
	objectVersion = 53;
	objects = {

/* Begin PBXBuildFile section */
		4BD9461C24792100005874EE /* AppDelegate.swift in Sources */ = {isa = PBXBuildFile; fileRef = 4BD9461B24792100005874EE /* AppDelegate.swift */; };
		4BD9461E24792100005874EE /* SceneDelegate.swift in Sources */ = {isa = PBXBuildFile; fileRef = 4BD9461D24792100005874EE /* SceneDelegate.swift */; };
		4BD9462224792102005874EE /* Assets.xcassets in Resources */ = {isa = PBXBuildFile; fileRef = 4BD9462124792102005874EE /* Assets.xcassets */; };
		4BD9462824792102005874EE /* LaunchScreen.storyboard in Resources */ = {isa = PBXBuildFile; fileRef = 4BD9462624792102005874EE /* LaunchScreen.storyboard */; };
		4BD9462E24792A36005874EE /* StatusTableViewCell.swift in Sources */ = {isa = PBXBuildFile; fileRef = 4BD9462D24792A36005874EE /* StatusTableViewCell.swift */; };
		4BD9463024794E72005874EE /* StatusTableViewController.swift in Sources */ = {isa = PBXBuildFile; fileRef = 4BD9462F24794E72005874EE /* StatusTableViewController.swift */; };
		4BD9463224794EE7005874EE /* SwiftUIPreviewHelpers.swift in Sources */ = {isa = PBXBuildFile; fileRef = 4BD9463124794EE7005874EE /* SwiftUIPreviewHelpers.swift */; };
		4BD946362479D665005874EE /* MastodonKit in Frameworks */ = {isa = PBXBuildFile; productRef = 4BD946352479D665005874EE /* MastodonKit */; };
/* End PBXBuildFile section */

/* Begin PBXFileReference section */
		4BD94618247920FF005874EE /* Cuvier-iOS.app */ = {isa = PBXFileReference; explicitFileType = wrapper.application; includeInIndex = 0; path = "Cuvier-iOS.app"; sourceTree = BUILT_PRODUCTS_DIR; };
		4BD9461B24792100005874EE /* AppDelegate.swift */ = {isa = PBXFileReference; lastKnownFileType = sourcecode.swift; path = AppDelegate.swift; sourceTree = "<group>"; };
		4BD9461D24792100005874EE /* SceneDelegate.swift */ = {isa = PBXFileReference; lastKnownFileType = sourcecode.swift; path = SceneDelegate.swift; sourceTree = "<group>"; };
		4BD9462124792102005874EE /* Assets.xcassets */ = {isa = PBXFileReference; lastKnownFileType = folder.assetcatalog; path = Assets.xcassets; sourceTree = "<group>"; };
		4BD9462724792102005874EE /* Base */ = {isa = PBXFileReference; lastKnownFileType = file.storyboard; name = Base; path = Base.lproj/LaunchScreen.storyboard; sourceTree = "<group>"; };
		4BD9462924792102005874EE /* Info.plist */ = {isa = PBXFileReference; lastKnownFileType = text.plist.xml; path = Info.plist; sourceTree = "<group>"; };
		4BD9462D24792A36005874EE /* StatusTableViewCell.swift */ = {isa = PBXFileReference; lastKnownFileType = sourcecode.swift; name = StatusTableViewCell.swift; path = "../../cuvier/Cuvier-iOS/StatusTableViewCell.swift"; sourceTree = "<group>"; };
		4BD9462F24794E72005874EE /* StatusTableViewController.swift */ = {isa = PBXFileReference; lastKnownFileType = sourcecode.swift; name = StatusTableViewController.swift; path = "../../cuvier/Cuvier-iOS/StatusTableViewController.swift"; sourceTree = "<group>"; };
		4BD9463124794EE7005874EE /* SwiftUIPreviewHelpers.swift */ = {isa = PBXFileReference; lastKnownFileType = sourcecode.swift; name = SwiftUIPreviewHelpers.swift; path = "../../cuvier/Cuvier-iOS/SwiftUIPreviewHelpers.swift"; sourceTree = "<group>"; };
		4BD9463324798819005874EE /* MastodonKit */ = {isa = PBXFileReference; lastKnownFileType = folder; path = MastodonKit; sourceTree = "<group>"; };
/* End PBXFileReference section */

/* Begin PBXFrameworksBuildPhase section */
		4BD94615247920FF005874EE /* Frameworks */ = {
			isa = PBXFrameworksBuildPhase;
			buildActionMask = 2147483647;
			files = (
				4BD946362479D665005874EE /* MastodonKit in Frameworks */,
			);
			runOnlyForDeploymentPostprocessing = 0;
		};
/* End PBXFrameworksBuildPhase section */

/* Begin PBXGroup section */
		4BD94619247920FF005874EE /* Products */ = {
			isa = PBXGroup;
			children = (
				4BD94618247920FF005874EE /* Cuvier-iOS.app */,
			);
			name = Products;
			sourceTree = "<group>";
		};
		4BD9461A24792100005874EE /* Cuvier-iOS */ = {
			isa = PBXGroup;
			children = (
				4BD9461B24792100005874EE /* AppDelegate.swift */,
				4BD9461D24792100005874EE /* SceneDelegate.swift */,
				4BD9462D24792A36005874EE /* StatusTableViewCell.swift */,
				4BD9462F24794E72005874EE /* StatusTableViewController.swift */,
				4BD9463124794EE7005874EE /* SwiftUIPreviewHelpers.swift */,
				4BD9462124792102005874EE /* Assets.xcassets */,
				4BD9462624792102005874EE /* LaunchScreen.storyboard */,
				4BD9462924792102005874EE /* Info.plist */,
			);
			path = "Cuvier-iOS";
			sourceTree = "<group>";
		};
		4BD946342479D665005874EE /* Frameworks */ = {
			isa = PBXGroup;
			children = (
			);
			name = Frameworks;
			sourceTree = "<group>";
		};
		4BE857AD24786CDE00C146DC = {
			isa = PBXGroup;
			children = (
				4BD9463324798819005874EE /* MastodonKit */,
				4BD9461A24792100005874EE /* Cuvier-iOS */,
				4BD94619247920FF005874EE /* Products */,
				4BD946342479D665005874EE /* Frameworks */,
			);
			sourceTree = "<group>";
		};
/* End PBXGroup section */

/* Begin PBXNativeTarget section */
		4BD94617247920FF005874EE /* Cuvier-iOS */ = {
			isa = PBXNativeTarget;
			buildConfigurationList = 4BD9462A24792102005874EE /* Build configuration list for PBXNativeTarget "Cuvier-iOS" */;
			buildPhases = (
				4BD94614247920FF005874EE /* Sources */,
				4BD94615247920FF005874EE /* Frameworks */,
				4BD94616247920FF005874EE /* Resources */,
			);
			buildRules = (
			);
			dependencies = (
			);
			name = "Cuvier-iOS";
			packageProductDependencies = (
				4BD946352479D665005874EE /* MastodonKit */,
			);
			productName = "Cuvier-iOS";
			productReference = 4BD94618247920FF005874EE /* Cuvier-iOS.app */;
			productType = "com.apple.product-type.application";
		};
/* End PBXNativeTarget section */

/* Begin PBXProject section */
		4BE857AE24786CDE00C146DC /* Project object */ = {
			isa = PBXProject;
			attributes = {
				LastSwiftUpdateCheck = 1150;
				LastUpgradeCheck = 1150;
				ORGANIZATIONNAME = "Igor Camilo";
				TargetAttributes = {
					4BD94617247920FF005874EE = {
						CreatedOnToolsVersion = 11.5;
					};
				};
			};
			buildConfigurationList = 4BE857B124786CDE00C146DC /* Build configuration list for PBXProject "Cuvier" */;
			compatibilityVersion = "Xcode 11.4";
			developmentRegion = en;
			hasScannedForEncodings = 0;
			knownRegions = (
				en,
				Base,
			);
			mainGroup = 4BE857AD24786CDE00C146DC;
			productRefGroup = 4BD94619247920FF005874EE /* Products */;
			projectDirPath = "";
			projectRoot = "";
			targets = (
				4BD94617247920FF005874EE /* Cuvier-iOS */,
			);
		};
/* End PBXProject section */

/* Begin PBXResourcesBuildPhase section */
		4BD94616247920FF005874EE /* Resources */ = {
			isa = PBXResourcesBuildPhase;
			buildActionMask = 2147483647;
			files = (
				4BD9462824792102005874EE /* LaunchScreen.storyboard in Resources */,
				4BD9462224792102005874EE /* Assets.xcassets in Resources */,
			);
			runOnlyForDeploymentPostprocessing = 0;
		};
/* End PBXResourcesBuildPhase section */

/* Begin PBXSourcesBuildPhase section */
		4BD94614247920FF005874EE /* Sources */ = {
			isa = PBXSourcesBuildPhase;
			buildActionMask = 2147483647;
			files = (
				4BD9461C24792100005874EE /* AppDelegate.swift in Sources */,
				4BD9463024794E72005874EE /* StatusTableViewController.swift in Sources */,
				4BD9463224794EE7005874EE /* SwiftUIPreviewHelpers.swift in Sources */,
				4BD9461E24792100005874EE /* SceneDelegate.swift in Sources */,
				4BD9462E24792A36005874EE /* StatusTableViewCell.swift in Sources */,
			);
			runOnlyForDeploymentPostprocessing = 0;
		};
/* End PBXSourcesBuildPhase section */

/* Begin PBXVariantGroup section */
		4BD9462624792102005874EE /* LaunchScreen.storyboard */ = {
			isa = PBXVariantGroup;
			children = (
				4BD9462724792102005874EE /* Base */,
			);
			name = LaunchScreen.storyboard;
			sourceTree = "<group>";
		};
/* End PBXVariantGroup section */

/* Begin XCBuildConfiguration section */
		4BD9462B24792102005874EE /* Debug */ = {
			isa = XCBuildConfiguration;
			buildSettings = {
				ALWAYS_SEARCH_USER_PATHS = NO;
				ASSETCATALOG_COMPILER_APPICON_NAME = AppIcon;
				CLANG_ANALYZER_NONNULL = YES;
				CLANG_ANALYZER_NUMBER_OBJECT_CONVERSION = YES_AGGRESSIVE;
				CLANG_CXX_LANGUAGE_STANDARD = "gnu++14";
				CLANG_CXX_LIBRARY = "libc++";
				CLANG_ENABLE_MODULES = YES;
				CLANG_ENABLE_OBJC_ARC = YES;
				CLANG_ENABLE_OBJC_WEAK = YES;
				CLANG_WARN_BLOCK_CAPTURE_AUTORELEASING = YES;
				CLANG_WARN_BOOL_CONVERSION = YES;
				CLANG_WARN_COMMA = YES;
				CLANG_WARN_CONSTANT_CONVERSION = YES;
				CLANG_WARN_DEPRECATED_OBJC_IMPLEMENTATIONS = YES;
				CLANG_WARN_DIRECT_OBJC_ISA_USAGE = YES_ERROR;
				CLANG_WARN_DOCUMENTATION_COMMENTS = YES;
				CLANG_WARN_EMPTY_BODY = YES;
				CLANG_WARN_ENUM_CONVERSION = YES;
				CLANG_WARN_INFINITE_RECURSION = YES;
				CLANG_WARN_INT_CONVERSION = YES;
				CLANG_WARN_NON_LITERAL_NULL_CONVERSION = YES;
				CLANG_WARN_OBJC_IMPLICIT_RETAIN_SELF = YES;
				CLANG_WARN_OBJC_LITERAL_CONVERSION = YES;
				CLANG_WARN_OBJC_ROOT_CLASS = YES_ERROR;
				CLANG_WARN_RANGE_LOOP_ANALYSIS = YES;
				CLANG_WARN_STRICT_PROTOTYPES = YES;
				CLANG_WARN_SUSPICIOUS_MOVE = YES;
				CLANG_WARN_UNGUARDED_AVAILABILITY = YES_AGGRESSIVE;
				CLANG_WARN_UNREACHABLE_CODE = YES;
				CLANG_WARN__DUPLICATE_METHOD_MATCH = YES;
				CODE_SIGN_STYLE = Automatic;
				COPY_PHASE_STRIP = NO;
				DEBUG_INFORMATION_FORMAT = dwarf;
				DEVELOPMENT_ASSET_PATHS = "";
				DEVELOPMENT_TEAM = 2CPJD7ENY9;
				ENABLE_PREVIEWS = YES;
				ENABLE_STRICT_OBJC_MSGSEND = YES;
				ENABLE_TESTABILITY = YES;
				GCC_C_LANGUAGE_STANDARD = gnu11;
				GCC_DYNAMIC_NO_PIC = NO;
				GCC_NO_COMMON_BLOCKS = YES;
				GCC_OPTIMIZATION_LEVEL = 0;
				GCC_PREPROCESSOR_DEFINITIONS = (
					"DEBUG=1",
					"$(inherited)",
				);
				GCC_WARN_64_TO_32_BIT_CONVERSION = YES;
				GCC_WARN_ABOUT_RETURN_TYPE = YES_ERROR;
				GCC_WARN_UNDECLARED_SELECTOR = YES;
				GCC_WARN_UNINITIALIZED_AUTOS = YES_AGGRESSIVE;
				GCC_WARN_UNUSED_FUNCTION = YES;
				GCC_WARN_UNUSED_VARIABLE = YES;
				INFOPLIST_FILE = "Cuvier-iOS/Info.plist";
				IPHONEOS_DEPLOYMENT_TARGET = 13.5;
				LD_RUNPATH_SEARCH_PATHS = (
					"$(inherited)",
					"@executable_path/Frameworks",
				);
				MTL_ENABLE_DEBUG_INFO = INCLUDE_SOURCE;
				MTL_FAST_MATH = YES;
				ONLY_ACTIVE_ARCH = YES;
				PRODUCT_BUNDLE_IDENTIFIER = me.obitow.cuvier;
				PRODUCT_NAME = "$(TARGET_NAME)";
				SDKROOT = iphoneos;
				SWIFT_ACTIVE_COMPILATION_CONDITIONS = DEBUG;
				SWIFT_OPTIMIZATION_LEVEL = "-Onone";
				SWIFT_VERSION = 5.0;
				TARGETED_DEVICE_FAMILY = "1,2";
			};
			name = Debug;
		};
		4BD9462C24792102005874EE /* Release */ = {
			isa = XCBuildConfiguration;
			buildSettings = {
				ALWAYS_SEARCH_USER_PATHS = NO;
				ASSETCATALOG_COMPILER_APPICON_NAME = AppIcon;
				CLANG_ANALYZER_NONNULL = YES;
				CLANG_ANALYZER_NUMBER_OBJECT_CONVERSION = YES_AGGRESSIVE;
				CLANG_CXX_LANGUAGE_STANDARD = "gnu++14";
				CLANG_CXX_LIBRARY = "libc++";
				CLANG_ENABLE_MODULES = YES;
				CLANG_ENABLE_OBJC_ARC = YES;
				CLANG_ENABLE_OBJC_WEAK = YES;
				CLANG_WARN_BLOCK_CAPTURE_AUTORELEASING = YES;
				CLANG_WARN_BOOL_CONVERSION = YES;
				CLANG_WARN_COMMA = YES;
				CLANG_WARN_CONSTANT_CONVERSION = YES;
				CLANG_WARN_DEPRECATED_OBJC_IMPLEMENTATIONS = YES;
				CLANG_WARN_DIRECT_OBJC_ISA_USAGE = YES_ERROR;
				CLANG_WARN_DOCUMENTATION_COMMENTS = YES;
				CLANG_WARN_EMPTY_BODY = YES;
				CLANG_WARN_ENUM_CONVERSION = YES;
				CLANG_WARN_INFINITE_RECURSION = YES;
				CLANG_WARN_INT_CONVERSION = YES;
				CLANG_WARN_NON_LITERAL_NULL_CONVERSION = YES;
				CLANG_WARN_OBJC_IMPLICIT_RETAIN_SELF = YES;
				CLANG_WARN_OBJC_LITERAL_CONVERSION = YES;
				CLANG_WARN_OBJC_ROOT_CLASS = YES_ERROR;
				CLANG_WARN_RANGE_LOOP_ANALYSIS = YES;
				CLANG_WARN_STRICT_PROTOTYPES = YES;
				CLANG_WARN_SUSPICIOUS_MOVE = YES;
				CLANG_WARN_UNGUARDED_AVAILABILITY = YES_AGGRESSIVE;
				CLANG_WARN_UNREACHABLE_CODE = YES;
				CLANG_WARN__DUPLICATE_METHOD_MATCH = YES;
				CODE_SIGN_STYLE = Automatic;
				COPY_PHASE_STRIP = NO;
				DEBUG_INFORMATION_FORMAT = "dwarf-with-dsym";
				DEVELOPMENT_ASSET_PATHS = "";
				DEVELOPMENT_TEAM = 2CPJD7ENY9;
				ENABLE_NS_ASSERTIONS = NO;
				ENABLE_PREVIEWS = YES;
				ENABLE_STRICT_OBJC_MSGSEND = YES;
				GCC_C_LANGUAGE_STANDARD = gnu11;
				GCC_NO_COMMON_BLOCKS = YES;
				GCC_WARN_64_TO_32_BIT_CONVERSION = YES;
				GCC_WARN_ABOUT_RETURN_TYPE = YES_ERROR;
				GCC_WARN_UNDECLARED_SELECTOR = YES;
				GCC_WARN_UNINITIALIZED_AUTOS = YES_AGGRESSIVE;
				GCC_WARN_UNUSED_FUNCTION = YES;
				GCC_WARN_UNUSED_VARIABLE = YES;
				INFOPLIST_FILE = "Cuvier-iOS/Info.plist";
				IPHONEOS_DEPLOYMENT_TARGET = 13.5;
				LD_RUNPATH_SEARCH_PATHS = (
					"$(inherited)",
					"@executable_path/Frameworks",
				);
				MTL_ENABLE_DEBUG_INFO = NO;
				MTL_FAST_MATH = YES;
				PRODUCT_BUNDLE_IDENTIFIER = me.obitow.cuvier;
				PRODUCT_NAME = "$(TARGET_NAME)";
				SDKROOT = iphoneos;
				SWIFT_COMPILATION_MODE = wholemodule;
				SWIFT_OPTIMIZATION_LEVEL = "-O";
				SWIFT_VERSION = 5.0;
				TARGETED_DEVICE_FAMILY = "1,2";
				VALIDATE_PRODUCT = YES;
			};
			name = Release;
		};
		4BE857B224786CDE00C146DC /* Debug */ = {
			isa = XCBuildConfiguration;
			buildSettings = {
			};
			name = Debug;
		};
		4BE857B324786CDE00C146DC /* Release */ = {
			isa = XCBuildConfiguration;
			buildSettings = {
			};
			name = Release;
		};
/* End XCBuildConfiguration section */

/* Begin XCConfigurationList section */
		4BD9462A24792102005874EE /* Build configuration list for PBXNativeTarget "Cuvier-iOS" */ = {
			isa = XCConfigurationList;
			buildConfigurations = (
				4BD9462B24792102005874EE /* Debug */,
				4BD9462C24792102005874EE /* Release */,
			);
			defaultConfigurationIsVisible = 0;
			defaultConfigurationName = Release;
		};
		4BE857B124786CDE00C146DC /* Build configuration list for PBXProject "Cuvier" */ = {
			isa = XCConfigurationList;
			buildConfigurations = (
				4BE857B224786CDE00C146DC /* Debug */,
				4BE857B324786CDE00C146DC /* Release */,
			);
			defaultConfigurationIsVisible = 0;
			defaultConfigurationName = Release;
		};
/* End XCConfigurationList section */

/* Begin XCSwiftPackageProductDependency section */
		4BD946352479D665005874EE /* MastodonKit */ = {
			isa = XCSwiftPackageProductDependency;
			productName = MastodonKit;
		};
/* End XCSwiftPackageProductDependency section */
	};
	rootObject = 4BE857AE24786CDE00C146DC /* Project object */;
}
